
Microsoft Visual Studio Solution File, Format Version 12.00
# Visual Studio 15
VisualStudioVersion = 15.0.26124.0
MinimumVisualStudioVersion = 15.0.26124.0
Project("{2150E333-8FDC-42A3-9474-1A3956D46DE8}") = "src", "src", "{CE93ECC5-6253-4B1F-A60D-B955ECC45BE1}"
EndProject
Project("{FAE04EC0-301F-11D3-BF4B-00C04F79EFBC}") = "Basic", "src\Basic\Basic.csproj", "{92DC9C5D-2A6A-4E59-9135-356160BF0795}"
EndProject
Project("{FAE04EC0-301F-11D3-BF4B-00C04F79EFBC}") = "V3", "src\V3\V3.csproj", "{782842C7-BC42-4181-A953-7F064C196F84}"
EndProject
Project("{FAE04EC0-301F-11D3-BF4B-00C04F79EFBC}") = "V3Runner", "src\V3Runner\V3Runner.csproj", "{BD6A4B3D-81F9-4878-A21F-9076EBFAC962}"
EndProject
Project("{FAE04EC0-301F-11D3-BF4B-00C04F79EFBC}") = "V5", "src\V5\V5.csproj", "{02B3BB87-37D8-43B0-9810-92C6A3625820}"
EndProject
Project("{FAE04EC0-301F-11D3-BF4B-00C04F79EFBC}") = "V5Runner", "src\V5Runner\V5Runner.csproj", "{C5EF5C4C-6D1C-4B77-A9F8-C7B38471E3F2}"
EndProject
Global
	GlobalSection(SolutionConfigurationPlatforms) = preSolution
		Debug|Any CPU = Debug|Any CPU
		Debug|x64 = Debug|x64
		Debug|x86 = Debug|x86
		Release|Any CPU = Release|Any CPU
		Release|x64 = Release|x64
		Release|x86 = Release|x86
	EndGlobalSection
	GlobalSection(SolutionProperties) = preSolution
		HideSolutionNode = FALSE
	EndGlobalSection
	GlobalSection(ProjectConfigurationPlatforms) = postSolution
		{92DC9C5D-2A6A-4E59-9135-356160BF0795}.Debug|Any CPU.ActiveCfg = Debug|Any CPU
		{92DC9C5D-2A6A-4E59-9135-356160BF0795}.Debug|Any CPU.Build.0 = Debug|Any CPU
		{92DC9C5D-2A6A-4E59-9135-356160BF0795}.Debug|x64.ActiveCfg = Debug|Any CPU
		{92DC9C5D-2A6A-4E59-9135-356160BF0795}.Debug|x64.Build.0 = Debug|Any CPU
		{92DC9C5D-2A6A-4E59-9135-356160BF0795}.Debug|x86.ActiveCfg = Debug|Any CPU
		{92DC9C5D-2A6A-4E59-9135-356160BF0795}.Debug|x86.Build.0 = Debug|Any CPU
		{92DC9C5D-2A6A-4E59-9135-356160BF0795}.Release|Any CPU.ActiveCfg = Release|Any CPU
		{92DC9C5D-2A6A-4E59-9135-356160BF0795}.Release|Any CPU.Build.0 = Release|Any CPU
		{92DC9C5D-2A6A-4E59-9135-356160BF0795}.Release|x64.ActiveCfg = Release|Any CPU
		{92DC9C5D-2A6A-4E59-9135-356160BF0795}.Release|x64.Build.0 = Release|Any CPU
		{92DC9C5D-2A6A-4E59-9135-356160BF0795}.Release|x86.ActiveCfg = Release|Any CPU
		{92DC9C5D-2A6A-4E59-9135-356160BF0795}.Release|x86.Build.0 = Release|Any CPU
		{782842C7-BC42-4181-A953-7F064C196F84}.Debug|Any CPU.ActiveCfg = Debug|Any CPU
		{782842C7-BC42-4181-A953-7F064C196F84}.Debug|Any CPU.Build.0 = Debug|Any CPU
		{782842C7-BC42-4181-A953-7F064C196F84}.Debug|x64.ActiveCfg = Debug|Any CPU
		{782842C7-BC42-4181-A953-7F064C196F84}.Debug|x64.Build.0 = Debug|Any CPU
		{782842C7-BC42-4181-A953-7F064C196F84}.Debug|x86.ActiveCfg = Debug|Any CPU
		{782842C7-BC42-4181-A953-7F064C196F84}.Debug|x86.Build.0 = Debug|Any CPU
		{782842C7-BC42-4181-A953-7F064C196F84}.Release|Any CPU.ActiveCfg = Release|Any CPU
		{782842C7-BC42-4181-A953-7F064C196F84}.Release|Any CPU.Build.0 = Release|Any CPU
		{782842C7-BC42-4181-A953-7F064C196F84}.Release|x64.ActiveCfg = Release|Any CPU
		{782842C7-BC42-4181-A953-7F064C196F84}.Release|x64.Build.0 = Release|Any CPU
		{782842C7-BC42-4181-A953-7F064C196F84}.Release|x86.ActiveCfg = Release|Any CPU
		{782842C7-BC42-4181-A953-7F064C196F84}.Release|x86.Build.0 = Release|Any CPU
		{BD6A4B3D-81F9-4878-A21F-9076EBFAC962}.Debug|Any CPU.ActiveCfg = Debug|Any CPU
		{BD6A4B3D-81F9-4878-A21F-9076EBFAC962}.Debug|Any CPU.Build.0 = Debug|Any CPU
		{BD6A4B3D-81F9-4878-A21F-9076EBFAC962}.Debug|x64.ActiveCfg = Debug|Any CPU
		{BD6A4B3D-81F9-4878-A21F-9076EBFAC962}.Debug|x64.Build.0 = Debug|Any CPU
		{BD6A4B3D-81F9-4878-A21F-9076EBFAC962}.Debug|x86.ActiveCfg = Debug|Any CPU
		{BD6A4B3D-81F9-4878-A21F-9076EBFAC962}.Debug|x86.Build.0 = Debug|Any CPU
		{BD6A4B3D-81F9-4878-A21F-9076EBFAC962}.Release|Any CPU.ActiveCfg = Release|Any CPU
		{BD6A4B3D-81F9-4878-A21F-9076EBFAC962}.Release|Any CPU.Build.0 = Release|Any CPU
		{BD6A4B3D-81F9-4878-A21F-9076EBFAC962}.Release|x64.ActiveCfg = Release|Any CPU
		{BD6A4B3D-81F9-4878-A21F-9076EBFAC962}.Release|x64.Build.0 = Release|Any CPU
		{BD6A4B3D-81F9-4878-A21F-9076EBFAC962}.Release|x86.ActiveCfg = Release|Any CPU
		{BD6A4B3D-81F9-4878-A21F-9076EBFAC962}.Release|x86.Build.0 = Release|Any CPU
		{02B3BB87-37D8-43B0-9810-92C6A3625820}.Debug|Any CPU.ActiveCfg = Debug|Any CPU
		{02B3BB87-37D8-43B0-9810-92C6A3625820}.Debug|Any CPU.Build.0 = Debug|Any CPU
		{02B3BB87-37D8-43B0-9810-92C6A3625820}.Debug|x64.ActiveCfg = Debug|Any CPU
		{02B3BB87-37D8-43B0-9810-92C6A3625820}.Debug|x64.Build.0 = Debug|Any CPU
		{02B3BB87-37D8-43B0-9810-92C6A3625820}.Debug|x86.ActiveCfg = Debug|Any CPU
		{02B3BB87-37D8-43B0-9810-92C6A3625820}.Debug|x86.Build.0 = Debug|Any CPU
		{02B3BB87-37D8-43B0-9810-92C6A3625820}.Release|Any CPU.ActiveCfg = Release|Any CPU
		{02B3BB87-37D8-43B0-9810-92C6A3625820}.Release|Any CPU.Build.0 = Release|Any CPU
		{02B3BB87-37D8-43B0-9810-92C6A3625820}.Release|x64.ActiveCfg = Release|Any CPU
		{02B3BB87-37D8-43B0-9810-92C6A3625820}.Release|x64.Build.0 = Release|Any CPU
		{02B3BB87-37D8-43B0-9810-92C6A3625820}.Release|x86.ActiveCfg = Release|Any CPU
		{02B3BB87-37D8-43B0-9810-92C6A3625820}.Release|x86.Build.0 = Release|Any CPU
		{C5EF5C4C-6D1C-4B77-A9F8-C7B38471E3F2}.Debug|Any CPU.ActiveCfg = Debug|Any CPU
		{C5EF5C4C-6D1C-4B77-A9F8-C7B38471E3F2}.Debug|Any CPU.Build.0 = Debug|Any CPU
		{C5EF5C4C-6D1C-4B77-A9F8-C7B38471E3F2}.Debug|x64.ActiveCfg = Debug|Any CPU
		{C5EF5C4C-6D1C-4B77-A9F8-C7B38471E3F2}.Debug|x64.Build.0 = Debug|Any CPU
		{C5EF5C4C-6D1C-4B77-A9F8-C7B38471E3F2}.Debug|x86.ActiveCfg = Debug|Any CPU
		{C5EF5C4C-6D1C-4B77-A9F8-C7B38471E3F2}.Debug|x86.Build.0 = Debug|Any CPU
		{C5EF5C4C-6D1C-4B77-A9F8-C7B38471E3F2}.Release|Any CPU.ActiveCfg = Release|Any CPU
		{C5EF5C4C-6D1C-4B77-A9F8-C7B38471E3F2}.Release|Any CPU.Build.0 = Release|Any CPU
		{C5EF5C4C-6D1C-4B77-A9F8-C7B38471E3F2}.Release|x64.ActiveCfg = Release|Any CPU
		{C5EF5C4C-6D1C-4B77-A9F8-C7B38471E3F2}.Release|x64.Build.0 = Release|Any CPU
		{C5EF5C4C-6D1C-4B77-A9F8-C7B38471E3F2}.Release|x86.ActiveCfg = Release|Any CPU
		{C5EF5C4C-6D1C-4B77-A9F8-C7B38471E3F2}.Release|x86.Build.0 = Release|Any CPU
	EndGlobalSection
	GlobalSection(NestedProjects) = preSolution
		{92DC9C5D-2A6A-4E59-9135-356160BF0795} = {CE93ECC5-6253-4B1F-A60D-B955ECC45BE1}
		{782842C7-BC42-4181-A953-7F064C196F84} = {CE93ECC5-6253-4B1F-A60D-B955ECC45BE1}
		{BD6A4B3D-81F9-4878-A21F-9076EBFAC962} = {CE93ECC5-6253-4B1F-A60D-B955ECC45BE1}
		{02B3BB87-37D8-43B0-9810-92C6A3625820} = {CE93ECC5-6253-4B1F-A60D-B955ECC45BE1}
		{C5EF5C4C-6D1C-4B77-A9F8-C7B38471E3F2} = {CE93ECC5-6253-4B1F-A60D-B955ECC45BE1}
	EndGlobalSection
EndGlobal
